// !$*UTF8*$!
{
	archiveVersion = 1;
	classes = {
	};
	objectVersion = 46;
	objects = {

/* Begin PBXBuildFile section */
		4D027D7D1B1758A20019ABB9 /* FindViewController.m in Sources */ = {isa = PBXBuildFile; fileRef = 4D027D7A1B1758A20019ABB9 /* FindViewController.m */; };
		4D027D7E1B1758A20019ABB9 /* UploadLocationViewController.m in Sources */ = {isa = PBXBuildFile; fileRef = 4D027D7C1B1758A20019ABB9 /* UploadLocationViewController.m */; };
		4D12351C1B0C6A67006C1E76 /* RegSecondVIewController.m in Sources */ = {isa = PBXBuildFile; fileRef = 4D12351B1B0C6A67006C1E76 /* RegSecondVIewController.m */; };
		4D202BDD1B08894D007DED73 /* CoreLocation.framework in Frameworks */ = {isa = PBXBuildFile; fileRef = 4D202BDC1B08894D007DED73 /* CoreLocation.framework */; };
		4D202BDF1B088956007DED73 /* QuartzCore.framework in Frameworks */ = {isa = PBXBuildFile; fileRef = 4D202BDE1B088956007DED73 /* QuartzCore.framework */; };
		4D202BE11B08895E007DED73 /* OpenGLES.framework in Frameworks */ = {isa = PBXBuildFile; fileRef = 4D202BE01B08895E007DED73 /* OpenGLES.framework */; };
		4D202BE31B088967007DED73 /* SystemConfiguration.framework in Frameworks */ = {isa = PBXBuildFile; fileRef = 4D202BE21B088967007DED73 /* SystemConfiguration.framework */; };
		4D202BE51B088970007DED73 /* CoreGraphics.framework in Frameworks */ = {isa = PBXBuildFile; fileRef = 4D202BE41B088970007DED73 /* CoreGraphics.framework */; };
		4D202BE71B088977007DED73 /* Security.framework in Frameworks */ = {isa = PBXBuildFile; fileRef = 4D202BE61B088977007DED73 /* Security.framework */; };
		4D202BF11B08B610007DED73 /* MapFriendViewController.mm in Sources */ = {isa = PBXBuildFile; fileRef = 4D202BF01B08B610007DED73 /* MapFriendViewController.mm */; };
		4D202C371B08F9D9007DED73 /* LogView.m in Sources */ = {isa = PBXBuildFile; fileRef = 4D202C361B08F9D9007DED73 /* LogView.m */; };
		4D202C3A1B0900F7007DED73 /* RegFirstViewController.m in Sources */ = {isa = PBXBuildFile; fileRef = 4D202C391B0900F7007DED73 /* RegFirstViewController.m */; };
		4D202C3D1B09054B007DED73 /* UIView+Extension.m in Sources */ = {isa = PBXBuildFile; fileRef = 4D202C3C1B09054B007DED73 /* UIView+Extension.m */; };
		4D34E92B1B05FD1D00AE04F7 /* BaseViewController.m in Sources */ = {isa = PBXBuildFile; fileRef = 4D34E9181B05FD1D00AE04F7 /* BaseViewController.m */; };
		4D34E92C1B05FD1D00AE04F7 /* HomeViewController.m in Sources */ = {isa = PBXBuildFile; fileRef = 4D34E91A1B05FD1D00AE04F7 /* HomeViewController.m */; };
		4D34E92D1B05FD1D00AE04F7 /* LeftViewController.m in Sources */ = {isa = PBXBuildFile; fileRef = 4D34E91C1B05FD1D00AE04F7 /* LeftViewController.m */; };
		4D34E92E1B05FD1D00AE04F7 /* MainViewController.m in Sources */ = {isa = PBXBuildFile; fileRef = 4D34E91E1B05FD1D00AE04F7 /* MainViewController.m */; };
		4D34E92F1B05FD1D00AE04F7 /* RightViewController.m in Sources */ = {isa = PBXBuildFile; fileRef = 4D34E9201B05FD1D00AE04F7 /* RightViewController.m */; };
		4D34E9301B05FD1D00AE04F7 /* WWSideslipViewController.m in Sources */ = {isa = PBXBuildFile; fileRef = 4D34E9221B05FD1D00AE04F7 /* WWSideslipViewController.m */; };
		4D34E9311B05FD1D00AE04F7 /* LoginViewController.m in Sources */ = {isa = PBXBuildFile; fileRef = 4D34E9251B05FD1D00AE04F7 /* LoginViewController.m */; };
		4D34E9321B05FD1D00AE04F7 /* UserDetailViewController.m in Sources */ = {isa = PBXBuildFile; fileRef = 4D34E9281B05FD1D00AE04F7 /* UserDetailViewController.m */; };
		4D34E9331B05FD1D00AE04F7 /* UserInfoViewController.m in Sources */ = {isa = PBXBuildFile; fileRef = 4D34E92A1B05FD1D00AE04F7 /* UserInfoViewController.m */; };
		4D61CA5A1B100EA00092D232 /* RegSettingViewController.m in Sources */ = {isa = PBXBuildFile; fileRef = 4D61CA591B100EA00092D232 /* RegSettingViewController.m */; };
		4D61CA5E1B1084E70092D232 /* FindService.m in Sources */ = {isa = PBXBuildFile; fileRef = 4D61CA5D1B1084E70092D232 /* FindService.m */; };
		4DED53CB1B09A19100577B1C /* ProgressHUD.bundle in Resources */ = {isa = PBXBuildFile; fileRef = 4DED53C61B09A19100577B1C /* ProgressHUD.bundle */; };
		4DED53CC1B09A19100577B1C /* ProgressHUD.m in Sources */ = {isa = PBXBuildFile; fileRef = 4DED53C81B09A19100577B1C /* ProgressHUD.m */; };
		4DED53CD1B09A19100577B1C /* Toast+UIView.m in Sources */ = {isa = PBXBuildFile; fileRef = 4DED53CA1B09A19100577B1C /* Toast+UIView.m */; };
		4DED53D11B09A24600577B1C /* UIControl+BlocksKit.m in Sources */ = {isa = PBXBuildFile; fileRef = 4DED53D01B09A24600577B1C /* UIControl+BlocksKit.m */; };
		4DED53D31B09B23C00577B1C /* Images.xcassets in Resources */ = {isa = PBXBuildFile; fileRef = 4DED53D21B09B23C00577B1C /* Images.xcassets */; };
		4DFF07461B149D05006BAEED /* UploadService.m in Sources */ = {isa = PBXBuildFile; fileRef = 4DFF07451B149D05006BAEED /* UploadService.m */; };
		7AE8302AB035A0F6C58184D7 /* libPods.a in Frameworks */ = {isa = PBXBuildFile; fileRef = 3BF811F65411D3FCD44EA091 /* libPods.a */; };
		840D6EB71B16FD2A00C3097A /* MyInfoService.m in Sources */ = {isa = PBXBuildFile; fileRef = 840D6EB61B16FD2A00C3097A /* MyInfoService.m */; };
		843DB3191B0DC72C00312383 /* PetDetailViewController.m in Sources */ = {isa = PBXBuildFile; fileRef = 843DB3181B0DC72C00312383 /* PetDetailViewController.m */; };
		843DB31C1B0DCD8C00312383 /* PetSortModel.m in Sources */ = {isa = PBXBuildFile; fileRef = 843DB31B1B0DCD8C00312383 /* PetSortModel.m */; };
		843DB31F1B0DD16D00312383 /* MyPetsViewController.m in Sources */ = {isa = PBXBuildFile; fileRef = 843DB31E1B0DD16D00312383 /* MyPetsViewController.m */; };
		843EA8801B044EDE004B9BC1 /* HomeItemModel.m in Sources */ = {isa = PBXBuildFile; fileRef = 843EA87F1B044EDE004B9BC1 /* HomeItemModel.m */; };
		843EA8981B04521E004B9BC1 /* HomeItemCollectionCell.m in Sources */ = {isa = PBXBuildFile; fileRef = 843EA8951B04521E004B9BC1 /* HomeItemCollectionCell.m */; };
		843EA8991B04521E004B9BC1 /* HomeItemButton.m in Sources */ = {isa = PBXBuildFile; fileRef = 843EA8971B04521E004B9BC1 /* HomeItemButton.m */; };
		843EA89F1B0452AF004B9BC1 /* Main.storyboard in Resources */ = {isa = PBXBuildFile; fileRef = 843EA89E1B0452AF004B9BC1 /* Main.storyboard */; };
		8464DCFF1B135AED00BCC733 /* UIView+Add.m in Sources */ = {isa = PBXBuildFile; fileRef = 8464DCFE1B135AED00BCC733 /* UIView+Add.m */; };
		8464DD021B135C1F00BCC733 /* LeftTableViewCell.m in Sources */ = {isa = PBXBuildFile; fileRef = 8464DD011B135C1F00BCC733 /* LeftTableViewCell.m */; };
		8464DD051B1361E300BCC733 /* MyPetTableViewCell.m in Sources */ = {isa = PBXBuildFile; fileRef = 8464DD041B1361E200BCC733 /* MyPetTableViewCell.m */; };
		84DB2EC81B11B32000A264C6 /* AddPetCellTableViewCell.m in Sources */ = {isa = PBXBuildFile; fileRef = 84DB2EC71B11B32000A264C6 /* AddPetCellTableViewCell.m */; };
		84DB2F091B11BABB00A264C6 /* mapapi.bundle in Resources */ = {isa = PBXBuildFile; fileRef = 84DB2F081B11BABB00A264C6 /* mapapi.bundle */; };
		84DB2F0B1B11BAF200A264C6 /* libbaidumapapi.a in Frameworks */ = {isa = PBXBuildFile; fileRef = 84DB2F0A1B11BAF200A264C6 /* libbaidumapapi.a */; };
		84E9D2701B1368C90078FD76 /* PetInfoEditService.m in Sources */ = {isa = PBXBuildFile; fileRef = 84E9D26F1B1368C90078FD76 /* PetInfoEditService.m */; };
		BB088E341B032B1D00F5E092 /* UserInfo.m in Sources */ = {isa = PBXBuildFile; fileRef = BB088E331B032B1D00F5E092 /* UserInfo.m */; };
		BB088E411B03453900F5E092 /* HttpManager.m in Sources */ = {isa = PBXBuildFile; fileRef = BB088E3A1B03453900F5E092 /* HttpManager.m */; };
		BB088E421B03453900F5E092 /* LoginService.m in Sources */ = {isa = PBXBuildFile; fileRef = BB088E3C1B03453900F5E092 /* LoginService.m */; };
		BB088E431B03453900F5E092 /* RegisterService.m in Sources */ = {isa = PBXBuildFile; fileRef = BB088E3E1B03453900F5E092 /* RegisterService.m */; };
		BB088E441B03453900F5E092 /* UpdUserService.m in Sources */ = {isa = PBXBuildFile; fileRef = BB088E401B03453900F5E092 /* UpdUserService.m */; };
		BB088E481B03456100F5E092 /* MyPetService.m in Sources */ = {isa = PBXBuildFile; fileRef = BB088E471B03456100F5E092 /* MyPetService.m */; };
		BB088E4B1B034A4200F5E092 /* PetInfoService.m in Sources */ = {isa = PBXBuildFile; fileRef = BB088E4A1B034A4200F5E092 /* PetInfoService.m */; };
		BB088E4E1B034C8500F5E092 /* DelPetService.m in Sources */ = {isa = PBXBuildFile; fileRef = BB088E4D1B034C8500F5E092 /* DelPetService.m */; };
		BB088E511B034CDC00F5E092 /* AddPetService.m in Sources */ = {isa = PBXBuildFile; fileRef = BB088E501B034CDC00F5E092 /* AddPetService.m */; };
		BB088E551B034D0700F5E092 /* LePetInfo.m in Sources */ = {isa = PBXBuildFile; fileRef = BB088E541B034D0700F5E092 /* LePetInfo.m */; };
		BB088E581B03565000F5E092 /* PetSortService.m in Sources */ = {isa = PBXBuildFile; fileRef = BB088E571B03565000F5E092 /* PetSortService.m */; };
		BB588F931B047F690095337C /* HttpUploadManager.m in Sources */ = {isa = PBXBuildFile; fileRef = BB588F921B047F690095337C /* HttpUploadManager.m */; };
		BB9A04B71B01F28F007DFDC8 /* AppDelegate.mm in Sources */ = {isa = PBXBuildFile; fileRef = BB9A04A61B01F28F007DFDC8 /* AppDelegate.mm */; };
		BB9A04B81B01F28F007DFDC8 /* LaunchScreen.xib in Resources */ = {isa = PBXBuildFile; fileRef = BB9A04A71B01F28F007DFDC8 /* LaunchScreen.xib */; };
		BB9A04BA1B01F28F007DFDC8 /* Info.plist in Resources */ = {isa = PBXBuildFile; fileRef = BB9A04AB1B01F28F007DFDC8 /* Info.plist */; };
		BB9A04BB1B01F28F007DFDC8 /* main.m in Sources */ = {isa = PBXBuildFile; fileRef = BB9A04AC1B01F28F007DFDC8 /* main.m */; };
		BBDAC77D1B1706230009A3DA /* FriendListViewController.m in Sources */ = {isa = PBXBuildFile; fileRef = BBDAC77C1B1706230009A3DA /* FriendListViewController.m */; };
		BBDAC7811B170EE40009A3DA /* FriendCell.m in Sources */ = {isa = PBXBuildFile; fileRef = BBDAC7801B170EE40009A3DA /* FriendCell.m */; };
		BBDAC7841B171E880009A3DA /* NearInfo.m in Sources */ = {isa = PBXBuildFile; fileRef = BBDAC7831B171E880009A3DA /* NearInfo.m */; };
/* End PBXBuildFile section */

/* Begin PBXFileReference section */
		279CFB6916D8141457E3072A /* Pods.release.xcconfig */ = {isa = PBXFileReference; includeInIndex = 1; lastKnownFileType = text.xcconfig; name = Pods.release.xcconfig; path = "Pods/Target Support Files/Pods/Pods.release.xcconfig"; sourceTree = "<group>"; };
		3BF811F65411D3FCD44EA091 /* libPods.a */ = {isa = PBXFileReference; explicitFileType = archive.ar; includeInIndex = 0; path = libPods.a; sourceTree = BUILT_PRODUCTS_DIR; };
		4D027D791B1758A20019ABB9 /* FindViewController.h */ = {isa = PBXFileReference; fileEncoding = 4; lastKnownFileType = sourcecode.c.h; path = FindViewController.h; sourceTree = "<group>"; };
		4D027D7A1B1758A20019ABB9 /* FindViewController.m */ = {isa = PBXFileReference; fileEncoding = 4; lastKnownFileType = sourcecode.c.objc; path = FindViewController.m; sourceTree = "<group>"; };
		4D027D7B1B1758A20019ABB9 /* UploadLocationViewController.h */ = {isa = PBXFileReference; fileEncoding = 4; lastKnownFileType = sourcecode.c.h; path = UploadLocationViewController.h; sourceTree = "<group>"; };
		4D027D7C1B1758A20019ABB9 /* UploadLocationViewController.m */ = {isa = PBXFileReference; fileEncoding = 4; lastKnownFileType = sourcecode.c.objc; path = UploadLocationViewController.m; sourceTree = "<group>"; };
		4D052AA21B0747F2002AAF1D /* PubNotification.h */ = {isa = PBXFileReference; lastKnownFileType = sourcecode.c.h; path = PubNotification.h; sourceTree = "<group>"; };
		4D12351A1B0C6A67006C1E76 /* RegSecondVIewController.h */ = {isa = PBXFileReference; fileEncoding = 4; lastKnownFileType = sourcecode.c.h; path = RegSecondVIewController.h; sourceTree = "<group>"; };
		4D12351B1B0C6A67006C1E76 /* RegSecondVIewController.m */ = {isa = PBXFileReference; fileEncoding = 4; lastKnownFileType = sourcecode.c.objc; path = RegSecondVIewController.m; sourceTree = "<group>"; };
		4D202BDC1B08894D007DED73 /* CoreLocation.framework */ = {isa = PBXFileReference; lastKnownFileType = wrapper.framework; name = CoreLocation.framework; path = System/Library/Frameworks/CoreLocation.framework; sourceTree = SDKROOT; };
		4D202BDE1B088956007DED73 /* QuartzCore.framework */ = {isa = PBXFileReference; lastKnownFileType = wrapper.framework; name = QuartzCore.framework; path = System/Library/Frameworks/QuartzCore.framework; sourceTree = SDKROOT; };
		4D202BE01B08895E007DED73 /* OpenGLES.framework */ = {isa = PBXFileReference; lastKnownFileType = wrapper.framework; name = OpenGLES.framework; path = System/Library/Frameworks/OpenGLES.framework; sourceTree = SDKROOT; };
		4D202BE21B088967007DED73 /* SystemConfiguration.framework */ = {isa = PBXFileReference; lastKnownFileType = wrapper.framework; name = SystemConfiguration.framework; path = System/Library/Frameworks/SystemConfiguration.framework; sourceTree = SDKROOT; };
		4D202BE41B088970007DED73 /* CoreGraphics.framework */ = {isa = PBXFileReference; lastKnownFileType = wrapper.framework; name = CoreGraphics.framework; path = System/Library/Frameworks/CoreGraphics.framework; sourceTree = SDKROOT; };
		4D202BE61B088977007DED73 /* Security.framework */ = {isa = PBXFileReference; lastKnownFileType = wrapper.framework; name = Security.framework; path = System/Library/Frameworks/Security.framework; sourceTree = SDKROOT; };
		4D202BEF1B08B610007DED73 /* MapFriendViewController.h */ = {isa = PBXFileReference; fileEncoding = 4; lastKnownFileType = sourcecode.c.h; path = MapFriendViewController.h; sourceTree = "<group>"; };
		4D202BF01B08B610007DED73 /* MapFriendViewController.mm */ = {isa = PBXFileReference; fileEncoding = 4; lastKnownFileType = sourcecode.cpp.objcpp; path = MapFriendViewController.mm; sourceTree = "<group>"; };
		4D202C351B08F9D9007DED73 /* LogView.h */ = {isa = PBXFileReference; fileEncoding = 4; lastKnownFileType = sourcecode.c.h; path = LogView.h; sourceTree = "<group>"; };
		4D202C361B08F9D9007DED73 /* LogView.m */ = {isa = PBXFileReference; fileEncoding = 4; lastKnownFileType = sourcecode.c.objc; path = LogView.m; sourceTree = "<group>"; };
		4D202C381B0900F7007DED73 /* RegFirstViewController.h */ = {isa = PBXFileReference; fileEncoding = 4; lastKnownFileType = sourcecode.c.h; path = RegFirstViewController.h; sourceTree = "<group>"; };
		4D202C391B0900F7007DED73 /* RegFirstViewController.m */ = {isa = PBXFileReference; fileEncoding = 4; lastKnownFileType = sourcecode.c.objc; path = RegFirstViewController.m; sourceTree = "<group>"; };
		4D202C3B1B09054B007DED73 /* UIView+Extension.h */ = {isa = PBXFileReference; fileEncoding = 4; lastKnownFileType = sourcecode.c.h; path = "UIView+Extension.h"; sourceTree = "<group>"; };
		4D202C3C1B09054B007DED73 /* UIView+Extension.m */ = {isa = PBXFileReference; fileEncoding = 4; lastKnownFileType = sourcecode.c.objc; path = "UIView+Extension.m"; sourceTree = "<group>"; };
		4D34E9171B05FD1D00AE04F7 /* BaseViewController.h */ = {isa = PBXFileReference; fileEncoding = 4; lastKnownFileType = sourcecode.c.h; path = BaseViewController.h; sourceTree = "<group>"; };
		4D34E9181B05FD1D00AE04F7 /* BaseViewController.m */ = {isa = PBXFileReference; fileEncoding = 4; lastKnownFileType = sourcecode.c.objc; path = BaseViewController.m; sourceTree = "<group>"; };
		4D34E9191B05FD1D00AE04F7 /* HomeViewController.h */ = {isa = PBXFileReference; fileEncoding = 4; lastKnownFileType = sourcecode.c.h; path = HomeViewController.h; sourceTree = "<group>"; };
		4D34E91A1B05FD1D00AE04F7 /* HomeViewController.m */ = {isa = PBXFileReference; fileEncoding = 4; lastKnownFileType = sourcecode.c.objc; path = HomeViewController.m; sourceTree = "<group>"; };
		4D34E91B1B05FD1D00AE04F7 /* LeftViewController.h */ = {isa = PBXFileReference; fileEncoding = 4; lastKnownFileType = sourcecode.c.h; path = LeftViewController.h; sourceTree = "<group>"; };
		4D34E91C1B05FD1D00AE04F7 /* LeftViewController.m */ = {isa = PBXFileReference; fileEncoding = 4; lastKnownFileType = sourcecode.c.objc; path = LeftViewController.m; sourceTree = "<group>"; };
		4D34E91D1B05FD1D00AE04F7 /* MainViewController.h */ = {isa = PBXFileReference; fileEncoding = 4; lastKnownFileType = sourcecode.c.h; path = MainViewController.h; sourceTree = "<group>"; };
		4D34E91E1B05FD1D00AE04F7 /* MainViewController.m */ = {isa = PBXFileReference; fileEncoding = 4; lastKnownFileType = sourcecode.c.objc; path = MainViewController.m; sourceTree = "<group>"; };
		4D34E91F1B05FD1D00AE04F7 /* RightViewController.h */ = {isa = PBXFileReference; fileEncoding = 4; lastKnownFileType = sourcecode.c.h; path = RightViewController.h; sourceTree = "<group>"; };
		4D34E9201B05FD1D00AE04F7 /* RightViewController.m */ = {isa = PBXFileReference; fileEncoding = 4; lastKnownFileType = sourcecode.c.objc; path = RightViewController.m; sourceTree = "<group>"; };
		4D34E9211B05FD1D00AE04F7 /* WWSideslipViewController.h */ = {isa = PBXFileReference; fileEncoding = 4; lastKnownFileType = sourcecode.c.h; path = WWSideslipViewController.h; sourceTree = "<group>"; };
		4D34E9221B05FD1D00AE04F7 /* WWSideslipViewController.m */ = {isa = PBXFileReference; fileEncoding = 4; lastKnownFileType = sourcecode.c.objc; path = WWSideslipViewController.m; sourceTree = "<group>"; };
		4D34E9241B05FD1D00AE04F7 /* LoginViewController.h */ = {isa = PBXFileReference; fileEncoding = 4; lastKnownFileType = sourcecode.c.h; path = LoginViewController.h; sourceTree = "<group>"; };
		4D34E9251B05FD1D00AE04F7 /* LoginViewController.m */ = {isa = PBXFileReference; fileEncoding = 4; lastKnownFileType = sourcecode.c.objc; path = LoginViewController.m; sourceTree = "<group>"; };
		4D34E9271B05FD1D00AE04F7 /* UserDetailViewController.h */ = {isa = PBXFileReference; fileEncoding = 4; lastKnownFileType = sourcecode.c.h; path = UserDetailViewController.h; sourceTree = "<group>"; };
		4D34E9281B05FD1D00AE04F7 /* UserDetailViewController.m */ = {isa = PBXFileReference; fileEncoding = 4; lastKnownFileType = sourcecode.c.objc; path = UserDetailViewController.m; sourceTree = "<group>"; };
		4D34E9291B05FD1D00AE04F7 /* UserInfoViewController.h */ = {isa = PBXFileReference; fileEncoding = 4; lastKnownFileType = sourcecode.c.h; path = UserInfoViewController.h; sourceTree = "<group>"; };
		4D34E92A1B05FD1D00AE04F7 /* UserInfoViewController.m */ = {isa = PBXFileReference; fileEncoding = 4; lastKnownFileType = sourcecode.c.objc; path = UserInfoViewController.m; sourceTree = "<group>"; };
		4D61CA581B100EA00092D232 /* RegSettingViewController.h */ = {isa = PBXFileReference; fileEncoding = 4; lastKnownFileType = sourcecode.c.h; path = RegSettingViewController.h; sourceTree = "<group>"; };
		4D61CA591B100EA00092D232 /* RegSettingViewController.m */ = {isa = PBXFileReference; fileEncoding = 4; lastKnownFileType = sourcecode.c.objc; path = RegSettingViewController.m; sourceTree = "<group>"; };
		4D61CA5C1B1084E70092D232 /* FindService.h */ = {isa = PBXFileReference; fileEncoding = 4; lastKnownFileType = sourcecode.c.h; path = FindService.h; sourceTree = "<group>"; };
		4D61CA5D1B1084E70092D232 /* FindService.m */ = {isa = PBXFileReference; fileEncoding = 4; lastKnownFileType = sourcecode.c.objc; path = FindService.m; sourceTree = "<group>"; };
		4DED53C61B09A19100577B1C /* ProgressHUD.bundle */ = {isa = PBXFileReference; lastKnownFileType = "wrapper.plug-in"; path = ProgressHUD.bundle; sourceTree = "<group>"; };
		4DED53C71B09A19100577B1C /* ProgressHUD.h */ = {isa = PBXFileReference; fileEncoding = 4; lastKnownFileType = sourcecode.c.h; path = ProgressHUD.h; sourceTree = "<group>"; };
		4DED53C81B09A19100577B1C /* ProgressHUD.m */ = {isa = PBXFileReference; fileEncoding = 4; lastKnownFileType = sourcecode.c.objc; path = ProgressHUD.m; sourceTree = "<group>"; };
		4DED53C91B09A19100577B1C /* Toast+UIView.h */ = {isa = PBXFileReference; fileEncoding = 4; lastKnownFileType = sourcecode.c.h; path = "Toast+UIView.h"; sourceTree = "<group>"; };
		4DED53CA1B09A19100577B1C /* Toast+UIView.m */ = {isa = PBXFileReference; fileEncoding = 4; lastKnownFileType = sourcecode.c.objc; path = "Toast+UIView.m"; sourceTree = "<group>"; };
		4DED53CF1B09A24600577B1C /* UIControl+BlocksKit.h */ = {isa = PBXFileReference; fileEncoding = 4; lastKnownFileType = sourcecode.c.h; path = "UIControl+BlocksKit.h"; sourceTree = "<group>"; };
		4DED53D01B09A24600577B1C /* UIControl+BlocksKit.m */ = {isa = PBXFileReference; fileEncoding = 4; lastKnownFileType = sourcecode.c.objc; path = "UIControl+BlocksKit.m"; sourceTree = "<group>"; };
		4DED53D21B09B23C00577B1C /* Images.xcassets */ = {isa = PBXFileReference; lastKnownFileType = folder.assetcatalog; name = Images.xcassets; path = LePats/Images.xcassets; sourceTree = "<group>"; };
		4DFF07441B149D05006BAEED /* UploadService.h */ = {isa = PBXFileReference; fileEncoding = 4; lastKnownFileType = sourcecode.c.h; path = UploadService.h; sourceTree = "<group>"; };
		4DFF07451B149D05006BAEED /* UploadService.m */ = {isa = PBXFileReference; fileEncoding = 4; lastKnownFileType = sourcecode.c.objc; path = UploadService.m; sourceTree = "<group>"; };
		635FBA24F678FB40B37ED093 /* Pods.debug.xcconfig */ = {isa = PBXFileReference; includeInIndex = 1; lastKnownFileType = text.xcconfig; name = Pods.debug.xcconfig; path = "Pods/Target Support Files/Pods/Pods.debug.xcconfig"; sourceTree = "<group>"; };
		840D6EB51B16FD2A00C3097A /* MyInfoService.h */ = {isa = PBXFileReference; fileEncoding = 4; lastKnownFileType = sourcecode.c.h; path = MyInfoService.h; sourceTree = "<group>"; };
		840D6EB61B16FD2A00C3097A /* MyInfoService.m */ = {isa = PBXFileReference; fileEncoding = 4; lastKnownFileType = sourcecode.c.objc; path = MyInfoService.m; sourceTree = "<group>"; };
		843DB3171B0DC72C00312383 /* PetDetailViewController.h */ = {isa = PBXFileReference; fileEncoding = 4; lastKnownFileType = sourcecode.c.h; path = PetDetailViewController.h; sourceTree = "<group>"; };
		843DB3181B0DC72C00312383 /* PetDetailViewController.m */ = {isa = PBXFileReference; fileEncoding = 4; lastKnownFileType = sourcecode.c.objc; path = PetDetailViewController.m; sourceTree = "<group>"; };
		843DB31A1B0DCD8C00312383 /* PetSortModel.h */ = {isa = PBXFileReference; fileEncoding = 4; lastKnownFileType = sourcecode.c.h; path = PetSortModel.h; sourceTree = "<group>"; };
		843DB31B1B0DCD8C00312383 /* PetSortModel.m */ = {isa = PBXFileReference; fileEncoding = 4; lastKnownFileType = sourcecode.c.objc; path = PetSortModel.m; sourceTree = "<group>"; };
		843DB31D1B0DD16D00312383 /* MyPetsViewController.h */ = {isa = PBXFileReference; fileEncoding = 4; lastKnownFileType = sourcecode.c.h; path = MyPetsViewController.h; sourceTree = "<group>"; };
		843DB31E1B0DD16D00312383 /* MyPetsViewController.m */ = {isa = PBXFileReference; fileEncoding = 4; lastKnownFileType = sourcecode.c.objc; path = MyPetsViewController.m; sourceTree = "<group>"; };
		843EA87E1B044EDE004B9BC1 /* HomeItemModel.h */ = {isa = PBXFileReference; fileEncoding = 4; lastKnownFileType = sourcecode.c.h; path = HomeItemModel.h; sourceTree = "<group>"; };
		843EA87F1B044EDE004B9BC1 /* HomeItemModel.m */ = {isa = PBXFileReference; fileEncoding = 4; lastKnownFileType = sourcecode.c.objc; path = HomeItemModel.m; sourceTree = "<group>"; };
		843EA8941B04521E004B9BC1 /* HomeItemCollectionCell.h */ = {isa = PBXFileReference; fileEncoding = 4; lastKnownFileType = sourcecode.c.h; path = HomeItemCollectionCell.h; sourceTree = "<group>"; };
		843EA8951B04521E004B9BC1 /* HomeItemCollectionCell.m */ = {isa = PBXFileReference; fileEncoding = 4; lastKnownFileType = sourcecode.c.objc; path = HomeItemCollectionCell.m; sourceTree = "<group>"; };
		843EA8961B04521E004B9BC1 /* HomeItemButton.h */ = {isa = PBXFileReference; fileEncoding = 4; lastKnownFileType = sourcecode.c.h; path = HomeItemButton.h; sourceTree = "<group>"; };
		843EA8971B04521E004B9BC1 /* HomeItemButton.m */ = {isa = PBXFileReference; fileEncoding = 4; lastKnownFileType = sourcecode.c.objc; path = HomeItemButton.m; sourceTree = "<group>"; };
		843EA89A1B04522C004B9BC1 /* Common.h */ = {isa = PBXFileReference; lastKnownFileType = sourcecode.c.h; path = Common.h; sourceTree = "<group>"; };
		843EA89E1B0452AF004B9BC1 /* Main.storyboard */ = {isa = PBXFileReference; fileEncoding = 4; lastKnownFileType = file.storyboard; path = Main.storyboard; sourceTree = "<group>"; };
		8464DCFD1B135AED00BCC733 /* UIView+Add.h */ = {isa = PBXFileReference; fileEncoding = 4; lastKnownFileType = sourcecode.c.h; path = "UIView+Add.h"; sourceTree = "<group>"; };
		8464DCFE1B135AED00BCC733 /* UIView+Add.m */ = {isa = PBXFileReference; fileEncoding = 4; lastKnownFileType = sourcecode.c.objc; path = "UIView+Add.m"; sourceTree = "<group>"; };
		8464DD001B135C1F00BCC733 /* LeftTableViewCell.h */ = {isa = PBXFileReference; fileEncoding = 4; lastKnownFileType = sourcecode.c.h; path = LeftTableViewCell.h; sourceTree = "<group>"; };
		8464DD011B135C1F00BCC733 /* LeftTableViewCell.m */ = {isa = PBXFileReference; fileEncoding = 4; lastKnownFileType = sourcecode.c.objc; path = LeftTableViewCell.m; sourceTree = "<group>"; };
		8464DD031B1361E200BCC733 /* MyPetTableViewCell.h */ = {isa = PBXFileReference; fileEncoding = 4; lastKnownFileType = sourcecode.c.h; path = MyPetTableViewCell.h; sourceTree = "<group>"; };
		8464DD041B1361E200BCC733 /* MyPetTableViewCell.m */ = {isa = PBXFileReference; fileEncoding = 4; lastKnownFileType = sourcecode.c.objc; path = MyPetTableViewCell.m; sourceTree = "<group>"; };
		84D4D1C91B018FA400E67D9C /* LePats.app */ = {isa = PBXFileReference; explicitFileType = wrapper.application; includeInIndex = 0; path = LePats.app; sourceTree = BUILT_PRODUCTS_DIR; };
		84DB2EC61B11B32000A264C6 /* AddPetCellTableViewCell.h */ = {isa = PBXFileReference; fileEncoding = 4; lastKnownFileType = sourcecode.c.h; path = AddPetCellTableViewCell.h; sourceTree = "<group>"; };
		84DB2EC71B11B32000A264C6 /* AddPetCellTableViewCell.m */ = {isa = PBXFileReference; fileEncoding = 4; lastKnownFileType = sourcecode.c.objc; path = AddPetCellTableViewCell.m; sourceTree = "<group>"; };
		84DB2ECB1B11BABB00A264C6 /* BMapKit.h */ = {isa = PBXFileReference; fileEncoding = 4; lastKnownFileType = sourcecode.c.h; path = BMapKit.h; sourceTree = "<group>"; };
		84DB2ECC1B11BABB00A264C6 /* BMKActionPaopaoView.h */ = {isa = PBXFileReference; fileEncoding = 4; lastKnownFileType = sourcecode.c.h; path = BMKActionPaopaoView.h; sourceTree = "<group>"; };
		84DB2ECD1B11BABB00A264C6 /* BMKAnnotation.h */ = {isa = PBXFileReference; fileEncoding = 4; lastKnownFileType = sourcecode.c.h; path = BMKAnnotation.h; sourceTree = "<group>"; };
		84DB2ECE1B11BABB00A264C6 /* BMKAnnotationView.h */ = {isa = PBXFileReference; fileEncoding = 4; lastKnownFileType = sourcecode.c.h; path = BMKAnnotationView.h; sourceTree = "<group>"; };
		84DB2ECF1B11BABB00A264C6 /* BMKArcline.h */ = {isa = PBXFileReference; fileEncoding = 4; lastKnownFileType = sourcecode.c.h; path = BMKArcline.h; sourceTree = "<group>"; };
		84DB2ED01B11BABB00A264C6 /* BMKArclineView.h */ = {isa = PBXFileReference; fileEncoding = 4; lastKnownFileType = sourcecode.c.h; path = BMKArclineView.h; sourceTree = "<group>"; };
		84DB2ED11B11BABB00A264C6 /* BMKBaseComponent.h */ = {isa = PBXFileReference; fileEncoding = 4; lastKnownFileType = sourcecode.c.h; path = BMKBaseComponent.h; sourceTree = "<group>"; };
		84DB2ED21B11BABB00A264C6 /* BMKBusLineSearch.h */ = {isa = PBXFileReference; fileEncoding = 4; lastKnownFileType = sourcecode.c.h; path = BMKBusLineSearch.h; sourceTree = "<group>"; };
		84DB2ED31B11BABB00A264C6 /* BMKBusLineSearchOption.h */ = {isa = PBXFileReference; fileEncoding = 4; lastKnownFileType = sourcecode.c.h; path = BMKBusLineSearchOption.h; sourceTree = "<group>"; };
		84DB2ED41B11BABB00A264C6 /* BMKCircle.h */ = {isa = PBXFileReference; fileEncoding = 4; lastKnownFileType = sourcecode.c.h; path = BMKCircle.h; sourceTree = "<group>"; };
		84DB2ED51B11BABB00A264C6 /* BMKCircleView.h */ = {isa = PBXFileReference; fileEncoding = 4; lastKnownFileType = sourcecode.c.h; path = BMKCircleView.h; sourceTree = "<group>"; };
		84DB2ED61B11BABB00A264C6 /* BMKCloudPOIList.h */ = {isa = PBXFileReference; fileEncoding = 4; lastKnownFileType = sourcecode.c.h; path = BMKCloudPOIList.h; sourceTree = "<group>"; };
		84DB2ED71B11BABB00A264C6 /* BMKCloudSearch.h */ = {isa = PBXFileReference; fileEncoding = 4; lastKnownFileType = sourcecode.c.h; path = BMKCloudSearch.h; sourceTree = "<group>"; };
		84DB2ED81B11BABB00A264C6 /* BMKCloudSearchComponent.h */ = {isa = PBXFileReference; fileEncoding = 4; lastKnownFileType = sourcecode.c.h; path = BMKCloudSearchComponent.h; sourceTree = "<group>"; };
		84DB2ED91B11BABB00A264C6 /* BMKCloudSearchInfo.h */ = {isa = PBXFileReference; fileEncoding = 4; lastKnownFileType = sourcecode.c.h; path = BMKCloudSearchInfo.h; sourceTree = "<group>"; };
		84DB2EDA1B11BABB00A264C6 /* BMKGeneralDelegate.h */ = {isa = PBXFileReference; fileEncoding = 4; lastKnownFileType = sourcecode.c.h; path = BMKGeneralDelegate.h; sourceTree = "<group>"; };
		84DB2EDB1B11BABB00A264C6 /* BMKGeocodeSearch.h */ = {isa = PBXFileReference; fileEncoding = 4; lastKnownFileType = sourcecode.c.h; path = BMKGeocodeSearch.h; sourceTree = "<group>"; };
		84DB2EDC1B11BABB00A264C6 /* BMKGeocodeSearchOption.h */ = {isa = PBXFileReference; fileEncoding = 4; lastKnownFileType = sourcecode.c.h; path = BMKGeocodeSearchOption.h; sourceTree = "<group>"; };
		84DB2EDD1B11BABB00A264C6 /* BMKGeocodeType.h */ = {isa = PBXFileReference; fileEncoding = 4; lastKnownFileType = sourcecode.c.h; path = BMKGeocodeType.h; sourceTree = "<group>"; };
		84DB2EDE1B11BABB00A264C6 /* BMKGeometry.h */ = {isa = PBXFileReference; fileEncoding = 4; lastKnownFileType = sourcecode.c.h; path = BMKGeometry.h; sourceTree = "<group>"; };
		84DB2EDF1B11BABB00A264C6 /* BMKGradient.h */ = {isa = PBXFileReference; fileEncoding = 4; lastKnownFileType = sourcecode.c.h; path = BMKGradient.h; sourceTree = "<group>"; };
		84DB2EE01B11BABB00A264C6 /* BMKGroundOverlay.h */ = {isa = PBXFileReference; fileEncoding = 4; lastKnownFileType = sourcecode.c.h; path = BMKGroundOverlay.h; sourceTree = "<group>"; };
		84DB2EE11B11BABB00A264C6 /* BMKGroundOverlayView.h */ = {isa = PBXFileReference; fileEncoding = 4; lastKnownFileType = sourcecode.c.h; path = BMKGroundOverlayView.h; sourceTree = "<group>"; };
		84DB2EE21B11BABB00A264C6 /* BMKHeatMap.h */ = {isa = PBXFileReference; fileEncoding = 4; lastKnownFileType = sourcecode.c.h; path = BMKHeatMap.h; sourceTree = "<group>"; };
		84DB2EE31B11BABB00A264C6 /* BMKLocationComponent.h */ = {isa = PBXFileReference; fileEncoding = 4; lastKnownFileType = sourcecode.c.h; path = BMKLocationComponent.h; sourceTree = "<group>"; };
		84DB2EE41B11BABB00A264C6 /* BMKLocationService.h */ = {isa = PBXFileReference; fileEncoding = 4; lastKnownFileType = sourcecode.c.h; path = BMKLocationService.h; sourceTree = "<group>"; };
		84DB2EE51B11BABB00A264C6 /* BMKLocationViewDisplayParam.h */ = {isa = PBXFileReference; fileEncoding = 4; lastKnownFileType = sourcecode.c.h; path = BMKLocationViewDisplayParam.h; sourceTree = "<group>"; };
		84DB2EE61B11BABB00A264C6 /* BMKMapComponent.h */ = {isa = PBXFileReference; fileEncoding = 4; lastKnownFileType = sourcecode.c.h; path = BMKMapComponent.h; sourceTree = "<group>"; };
		84DB2EE71B11BABB00A264C6 /* BMKMapManager.h */ = {isa = PBXFileReference; fileEncoding = 4; lastKnownFileType = sourcecode.c.h; path = BMKMapManager.h; sourceTree = "<group>"; };
		84DB2EE81B11BABB00A264C6 /* BMKMapStatus.h */ = {isa = PBXFileReference; fileEncoding = 4; lastKnownFileType = sourcecode.c.h; path = BMKMapStatus.h; sourceTree = "<group>"; };
		84DB2EE91B11BABB00A264C6 /* BMKMapView.h */ = {isa = PBXFileReference; fileEncoding = 4; lastKnownFileType = sourcecode.c.h; path = BMKMapView.h; sourceTree = "<group>"; };
		84DB2EEA1B11BABB00A264C6 /* BMKMultiPoint.h */ = {isa = PBXFileReference; fileEncoding = 4; lastKnownFileType = sourcecode.c.h; path = BMKMultiPoint.h; sourceTree = "<group>"; };
		84DB2EEB1B11BABB00A264C6 /* BMKNavigation.h */ = {isa = PBXFileReference; fileEncoding = 4; lastKnownFileType = sourcecode.c.h; path = BMKNavigation.h; sourceTree = "<group>"; };
		84DB2EEC1B11BABB00A264C6 /* BMKOfflineMap.h */ = {isa = PBXFileReference; fileEncoding = 4; lastKnownFileType = sourcecode.c.h; path = BMKOfflineMap.h; sourceTree = "<group>"; };
		84DB2EED1B11BABB00A264C6 /* BMKOfflineMapType.h */ = {isa = PBXFileReference; fileEncoding = 4; lastKnownFileType = sourcecode.c.h; path = BMKOfflineMapType.h; sourceTree = "<group>"; };
		84DB2EEE1B11BABB00A264C6 /* BMKOverlay.h */ = {isa = PBXFileReference; fileEncoding = 4; lastKnownFileType = sourcecode.c.h; path = BMKOverlay.h; sourceTree = "<group>"; };
		84DB2EEF1B11BABB00A264C6 /* BMKOverlayGLBasicView.h */ = {isa = PBXFileReference; fileEncoding = 4; lastKnownFileType = sourcecode.c.h; path = BMKOverlayGLBasicView.h; sourceTree = "<group>"; };
		84DB2EF01B11BABB00A264C6 /* BMKOverlayPathView.h */ = {isa = PBXFileReference; fileEncoding = 4; lastKnownFileType = sourcecode.c.h; path = BMKOverlayPathView.h; sourceTree = "<group>"; };
		84DB2EF11B11BABB00A264C6 /* BMKOverlayView.h */ = {isa = PBXFileReference; fileEncoding = 4; lastKnownFileType = sourcecode.c.h; path = BMKOverlayView.h; sourceTree = "<group>"; };
		84DB2EF21B11BABB00A264C6 /* BMKPinAnnotationView.h */ = {isa = PBXFileReference; fileEncoding = 4; lastKnownFileType = sourcecode.c.h; path = BMKPinAnnotationView.h; sourceTree = "<group>"; };
		84DB2EF31B11BABB00A264C6 /* BMKPointAnnotation.h */ = {isa = PBXFileReference; fileEncoding = 4; lastKnownFileType = sourcecode.c.h; path = BMKPointAnnotation.h; sourceTree = "<group>"; };
		84DB2EF41B11BABB00A264C6 /* BMKPoiSearch.h */ = {isa = PBXFileReference; fileEncoding = 4; lastKnownFileType = sourcecode.c.h; path = BMKPoiSearch.h; sourceTree = "<group>"; };
		84DB2EF51B11BABB00A264C6 /* BMKPoiSearchOption.h */ = {isa = PBXFileReference; fileEncoding = 4; lastKnownFileType = sourcecode.c.h; path = BMKPoiSearchOption.h; sourceTree = "<group>"; };
		84DB2EF61B11BABB00A264C6 /* BMKPoiSearchType.h */ = {isa = PBXFileReference; fileEncoding = 4; lastKnownFileType = sourcecode.c.h; path = BMKPoiSearchType.h; sourceTree = "<group>"; };
		84DB2EF71B11BABB00A264C6 /* BMKPolygon.h */ = {isa = PBXFileReference; fileEncoding = 4; lastKnownFileType = sourcecode.c.h; path = BMKPolygon.h; sourceTree = "<group>"; };
		84DB2EF81B11BABB00A264C6 /* BMKPolygonView.h */ = {isa = PBXFileReference; fileEncoding = 4; lastKnownFileType = sourcecode.c.h; path = BMKPolygonView.h; sourceTree = "<group>"; };
		84DB2EF91B11BABB00A264C6 /* BMKPolyline.h */ = {isa = PBXFileReference; fileEncoding = 4; lastKnownFileType = sourcecode.c.h; path = BMKPolyline.h; sourceTree = "<group>"; };
		84DB2EFA1B11BABB00A264C6 /* BMKPolylineView.h */ = {isa = PBXFileReference; fileEncoding = 4; lastKnownFileType = sourcecode.c.h; path = BMKPolylineView.h; sourceTree = "<group>"; };
		84DB2EFB1B11BABB00A264C6 /* BMKRouteSearch.h */ = {isa = PBXFileReference; fileEncoding = 4; lastKnownFileType = sourcecode.c.h; path = BMKRouteSearch.h; sourceTree = "<group>"; };
		84DB2EFC1B11BABB00A264C6 /* BMKRouteSearchOption.h */ = {isa = PBXFileReference; fileEncoding = 4; lastKnownFileType = sourcecode.c.h; path = BMKRouteSearchOption.h; sourceTree = "<group>"; };
		84DB2EFD1B11BABB00A264C6 /* BMKRouteSearchType.h */ = {isa = PBXFileReference; fileEncoding = 4; lastKnownFileType = sourcecode.c.h; path = BMKRouteSearchType.h; sourceTree = "<group>"; };
		84DB2EFE1B11BABB00A264C6 /* BMKSearchComponent.h */ = {isa = PBXFileReference; fileEncoding = 4; lastKnownFileType = sourcecode.c.h; path = BMKSearchComponent.h; sourceTree = "<group>"; };
		84DB2EFF1B11BABB00A264C6 /* BMKShape.h */ = {isa = PBXFileReference; fileEncoding = 4; lastKnownFileType = sourcecode.c.h; path = BMKShape.h; sourceTree = "<group>"; };
		84DB2F001B11BABB00A264C6 /* BMKShareURLSearch.h */ = {isa = PBXFileReference; fileEncoding = 4; lastKnownFileType = sourcecode.c.h; path = BMKShareURLSearch.h; sourceTree = "<group>"; };
		84DB2F011B11BABB00A264C6 /* BMKShareUrlSearchOption.h */ = {isa = PBXFileReference; fileEncoding = 4; lastKnownFileType = sourcecode.c.h; path = BMKShareUrlSearchOption.h; sourceTree = "<group>"; };
		84DB2F021B11BABB00A264C6 /* BMKSuggestionSearch.h */ = {isa = PBXFileReference; fileEncoding = 4; lastKnownFileType = sourcecode.c.h; path = BMKSuggestionSearch.h; sourceTree = "<group>"; };
		84DB2F031B11BABB00A264C6 /* BMKSuggestionSearchOption.h */ = {isa = PBXFileReference; fileEncoding = 4; lastKnownFileType = sourcecode.c.h; path = BMKSuggestionSearchOption.h; sourceTree = "<group>"; };
		84DB2F041B11BABB00A264C6 /* BMKTypes.h */ = {isa = PBXFileReference; fileEncoding = 4; lastKnownFileType = sourcecode.c.h; path = BMKTypes.h; sourceTree = "<group>"; };
		84DB2F051B11BABB00A264C6 /* BMKUserLocation.h */ = {isa = PBXFileReference; fileEncoding = 4; lastKnownFileType = sourcecode.c.h; path = BMKUserLocation.h; sourceTree = "<group>"; };
		84DB2F061B11BABB00A264C6 /* BMKUtilsComponent.h */ = {isa = PBXFileReference; fileEncoding = 4; lastKnownFileType = sourcecode.c.h; path = BMKUtilsComponent.h; sourceTree = "<group>"; };
		84DB2F071B11BABB00A264C6 /* BMKVersion.h */ = {isa = PBXFileReference; fileEncoding = 4; lastKnownFileType = sourcecode.c.h; path = BMKVersion.h; sourceTree = "<group>"; };
		84DB2F081B11BABB00A264C6 /* mapapi.bundle */ = {isa = PBXFileReference; lastKnownFileType = "wrapper.plug-in"; path = mapapi.bundle; sourceTree = "<group>"; };
		84DB2F0A1B11BAF200A264C6 /* libbaidumapapi.a */ = {isa = PBXFileReference; lastKnownFileType = archive.ar; path = libbaidumapapi.a; sourceTree = "<group>"; };
		84E9D26E1B1368C90078FD76 /* PetInfoEditService.h */ = {isa = PBXFileReference; fileEncoding = 4; lastKnownFileType = sourcecode.c.h; path = PetInfoEditService.h; sourceTree = "<group>"; };
		84E9D26F1B1368C90078FD76 /* PetInfoEditService.m */ = {isa = PBXFileReference; fileEncoding = 4; lastKnownFileType = sourcecode.c.objc; path = PetInfoEditService.m; sourceTree = "<group>"; };
		BB088E281B02D72D00F5E092 /* LePats-Prefix.pch */ = {isa = PBXFileReference; lastKnownFileType = sourcecode.c.h; path = "LePats-Prefix.pch"; sourceTree = "<group>"; };
		BB088E291B02D7F800F5E092 /* PubDefine.h */ = {isa = PBXFileReference; lastKnownFileType = sourcecode.c.h; path = PubDefine.h; sourceTree = "<group>"; };
		BB088E321B032B1D00F5E092 /* UserInfo.h */ = {isa = PBXFileReference; fileEncoding = 4; lastKnownFileType = sourcecode.c.h; path = UserInfo.h; sourceTree = "<group>"; };
		BB088E331B032B1D00F5E092 /* UserInfo.m */ = {isa = PBXFileReference; fileEncoding = 4; lastKnownFileType = sourcecode.c.objc; path = UserInfo.m; sourceTree = "<group>"; };
		BB088E391B03453900F5E092 /* HttpManager.h */ = {isa = PBXFileReference; fileEncoding = 4; lastKnownFileType = sourcecode.c.h; path = HttpManager.h; sourceTree = "<group>"; };
		BB088E3A1B03453900F5E092 /* HttpManager.m */ = {isa = PBXFileReference; fileEncoding = 4; lastKnownFileType = sourcecode.c.objc; path = HttpManager.m; sourceTree = "<group>"; };
		BB088E3B1B03453900F5E092 /* LoginService.h */ = {isa = PBXFileReference; fileEncoding = 4; lastKnownFileType = sourcecode.c.h; path = LoginService.h; sourceTree = "<group>"; };
		BB088E3C1B03453900F5E092 /* LoginService.m */ = {isa = PBXFileReference; fileEncoding = 4; lastKnownFileType = sourcecode.c.objc; path = LoginService.m; sourceTree = "<group>"; };
		BB088E3D1B03453900F5E092 /* RegisterService.h */ = {isa = PBXFileReference; fileEncoding = 4; lastKnownFileType = sourcecode.c.h; path = RegisterService.h; sourceTree = "<group>"; };
		BB088E3E1B03453900F5E092 /* RegisterService.m */ = {isa = PBXFileReference; fileEncoding = 4; lastKnownFileType = sourcecode.c.objc; path = RegisterService.m; sourceTree = "<group>"; };
		BB088E3F1B03453900F5E092 /* UpdUserService.h */ = {isa = PBXFileReference; fileEncoding = 4; lastKnownFileType = sourcecode.c.h; path = UpdUserService.h; sourceTree = "<group>"; };
		BB088E401B03453900F5E092 /* UpdUserService.m */ = {isa = PBXFileReference; fileEncoding = 4; lastKnownFileType = sourcecode.c.objc; path = UpdUserService.m; sourceTree = "<group>"; };
		BB088E461B03456100F5E092 /* MyPetService.h */ = {isa = PBXFileReference; fileEncoding = 4; lastKnownFileType = sourcecode.c.h; path = MyPetService.h; sourceTree = "<group>"; };
		BB088E471B03456100F5E092 /* MyPetService.m */ = {isa = PBXFileReference; fileEncoding = 4; lastKnownFileType = sourcecode.c.objc; path = MyPetService.m; sourceTree = "<group>"; };
		BB088E491B034A4200F5E092 /* PetInfoService.h */ = {isa = PBXFileReference; fileEncoding = 4; lastKnownFileType = sourcecode.c.h; path = PetInfoService.h; sourceTree = "<group>"; };
		BB088E4A1B034A4200F5E092 /* PetInfoService.m */ = {isa = PBXFileReference; fileEncoding = 4; lastKnownFileType = sourcecode.c.objc; path = PetInfoService.m; sourceTree = "<group>"; };
		BB088E4C1B034C8500F5E092 /* DelPetService.h */ = {isa = PBXFileReference; fileEncoding = 4; lastKnownFileType = sourcecode.c.h; path = DelPetService.h; sourceTree = "<group>"; };
		BB088E4D1B034C8500F5E092 /* DelPetService.m */ = {isa = PBXFileReference; fileEncoding = 4; lastKnownFileType = sourcecode.c.objc; path = DelPetService.m; sourceTree = "<group>"; };
		BB088E4F1B034CDC00F5E092 /* AddPetService.h */ = {isa = PBXFileReference; fileEncoding = 4; lastKnownFileType = sourcecode.c.h; path = AddPetService.h; sourceTree = "<group>"; };
		BB088E501B034CDC00F5E092 /* AddPetService.m */ = {isa = PBXFileReference; fileEncoding = 4; lastKnownFileType = sourcecode.c.objc; path = AddPetService.m; sourceTree = "<group>"; };
		BB088E531B034D0700F5E092 /* LePetInfo.h */ = {isa = PBXFileReference; fileEncoding = 4; lastKnownFileType = sourcecode.c.h; path = LePetInfo.h; sourceTree = "<group>"; };
		BB088E541B034D0700F5E092 /* LePetInfo.m */ = {isa = PBXFileReference; fileEncoding = 4; lastKnownFileType = sourcecode.c.objc; path = LePetInfo.m; sourceTree = "<group>"; };
		BB088E561B03565000F5E092 /* PetSortService.h */ = {isa = PBXFileReference; fileEncoding = 4; lastKnownFileType = sourcecode.c.h; path = PetSortService.h; sourceTree = "<group>"; };
		BB088E571B03565000F5E092 /* PetSortService.m */ = {isa = PBXFileReference; fileEncoding = 4; lastKnownFileType = sourcecode.c.objc; path = PetSortService.m; sourceTree = "<group>"; };
		BB588F911B047F690095337C /* HttpUploadManager.h */ = {isa = PBXFileReference; fileEncoding = 4; lastKnownFileType = sourcecode.c.h; path = HttpUploadManager.h; sourceTree = "<group>"; };
		BB588F921B047F690095337C /* HttpUploadManager.m */ = {isa = PBXFileReference; fileEncoding = 4; lastKnownFileType = sourcecode.c.objc; path = HttpUploadManager.m; sourceTree = "<group>"; };
		BB9A04A21B01F28F007DFDC8 /* UtilsMacro.h */ = {isa = PBXFileReference; fileEncoding = 4; lastKnownFileType = sourcecode.c.h; path = UtilsMacro.h; sourceTree = "<group>"; };
		BB9A04A51B01F28F007DFDC8 /* AppDelegate.h */ = {isa = PBXFileReference; fileEncoding = 4; lastKnownFileType = sourcecode.c.h; path = AppDelegate.h; sourceTree = "<group>"; };
		BB9A04A61B01F28F007DFDC8 /* AppDelegate.mm */ = {isa = PBXFileReference; fileEncoding = 4; lastKnownFileType = sourcecode.cpp.objcpp; path = AppDelegate.mm; sourceTree = "<group>"; };
		BB9A04A81B01F28F007DFDC8 /* Base */ = {isa = PBXFileReference; lastKnownFileType = file.xib; name = Base; path = Base.lproj/LaunchScreen.xib; sourceTree = "<group>"; };
		BB9A04AB1B01F28F007DFDC8 /* Info.plist */ = {isa = PBXFileReference; fileEncoding = 4; lastKnownFileType = text.plist.xml; path = Info.plist; sourceTree = "<group>"; };
		BB9A04AC1B01F28F007DFDC8 /* main.m */ = {isa = PBXFileReference; fileEncoding = 4; lastKnownFileType = sourcecode.c.objc; path = main.m; sourceTree = "<group>"; };
		BBDAC77B1B1706230009A3DA /* FriendListViewController.h */ = {isa = PBXFileReference; fileEncoding = 4; lastKnownFileType = sourcecode.c.h; path = FriendListViewController.h; sourceTree = "<group>"; };
		BBDAC77C1B1706230009A3DA /* FriendListViewController.m */ = {isa = PBXFileReference; fileEncoding = 4; lastKnownFileType = sourcecode.c.objc; path = FriendListViewController.m; sourceTree = "<group>"; };
		BBDAC77F1B170EE40009A3DA /* FriendCell.h */ = {isa = PBXFileReference; fileEncoding = 4; lastKnownFileType = sourcecode.c.h; path = FriendCell.h; sourceTree = "<group>"; };
		BBDAC7801B170EE40009A3DA /* FriendCell.m */ = {isa = PBXFileReference; fileEncoding = 4; lastKnownFileType = sourcecode.c.objc; path = FriendCell.m; sourceTree = "<group>"; };
		BBDAC7821B171E880009A3DA /* NearInfo.h */ = {isa = PBXFileReference; fileEncoding = 4; lastKnownFileType = sourcecode.c.h; path = NearInfo.h; sourceTree = "<group>"; };
		BBDAC7831B171E880009A3DA /* NearInfo.m */ = {isa = PBXFileReference; fileEncoding = 4; lastKnownFileType = sourcecode.c.objc; path = NearInfo.m; sourceTree = "<group>"; };
/* End PBXFileReference section */

/* Begin PBXFrameworksBuildPhase section */
		84D4D1C61B018FA400E67D9C /* Frameworks */ = {
			isa = PBXFrameworksBuildPhase;
			buildActionMask = 2147483647;
			files = (
				4D202BE71B088977007DED73 /* Security.framework in Frameworks */,
				4D202BE51B088970007DED73 /* CoreGraphics.framework in Frameworks */,
				4D202BE31B088967007DED73 /* SystemConfiguration.framework in Frameworks */,
				84DB2F0B1B11BAF200A264C6 /* libbaidumapapi.a in Frameworks */,
				4D202BE11B08895E007DED73 /* OpenGLES.framework in Frameworks */,
				4D202BDF1B088956007DED73 /* QuartzCore.framework in Frameworks */,
				4D202BDD1B08894D007DED73 /* CoreLocation.framework in Frameworks */,
				7AE8302AB035A0F6C58184D7 /* libPods.a in Frameworks */,
			);
			runOnlyForDeploymentPostprocessing = 0;
		};
/* End PBXFrameworksBuildPhase section */

/* Begin PBXGroup section */
		4D202BD91B088884007DED73 /* General */ = {
			isa = PBXGroup;
			children = (
				4DFF07471B14BA52006BAEED /* New Group */,
				84DB2EC91B11BABB00A264C6 /* baidumap */,
				4DED53CE1B09A24600577B1C /* blocks */,
				4DED53C51B09A19100577B1C /* Toast */,
			);
			path = General;
			sourceTree = "<group>";
		};
		4D202BEE1B08B5F7007DED73 /* FindInfo */ = {
			isa = PBXGroup;
			children = (
				4D027D791B1758A20019ABB9 /* FindViewController.h */,
				4D027D7A1B1758A20019ABB9 /* FindViewController.m */,
				4D027D7B1B1758A20019ABB9 /* UploadLocationViewController.h */,
				4D027D7C1B1758A20019ABB9 /* UploadLocationViewController.m */,
				4D202BEF1B08B610007DED73 /* MapFriendViewController.h */,
				4D202BF01B08B610007DED73 /* MapFriendViewController.mm */,
				BBDAC77B1B1706230009A3DA /* FriendListViewController.h */,
				BBDAC77C1B1706230009A3DA /* FriendListViewController.m */,
			);
			path = FindInfo;
			sourceTree = "<group>";
		};
		4D34E9151B05FD1D00AE04F7 /* Controlls */ = {
			isa = PBXGroup;
			children = (
				4D202BEE1B08B5F7007DED73 /* FindInfo */,
				4D34E9161B05FD1D00AE04F7 /* home */,
				4D34E9231B05FD1D00AE04F7 /* login */,
				4D34E9261B05FD1D00AE04F7 /* my */,
			);
			path = Controlls;
			sourceTree = "<group>";
		};
		4D34E9161B05FD1D00AE04F7 /* home */ = {
			isa = PBXGroup;
			children = (
				4D34E9171B05FD1D00AE04F7 /* BaseViewController.h */,
				4D34E9181B05FD1D00AE04F7 /* BaseViewController.m */,
				4D34E9191B05FD1D00AE04F7 /* HomeViewController.h */,
				4D34E91A1B05FD1D00AE04F7 /* HomeViewController.m */,
				4D34E91B1B05FD1D00AE04F7 /* LeftViewController.h */,
				4D34E91C1B05FD1D00AE04F7 /* LeftViewController.m */,
				4D34E91D1B05FD1D00AE04F7 /* MainViewController.h */,
				4D34E91E1B05FD1D00AE04F7 /* MainViewController.m */,
				4D34E91F1B05FD1D00AE04F7 /* RightViewController.h */,
				4D34E9201B05FD1D00AE04F7 /* RightViewController.m */,
				4D34E9211B05FD1D00AE04F7 /* WWSideslipViewController.h */,
				4D34E9221B05FD1D00AE04F7 /* WWSideslipViewController.m */,
			);
			path = home;
			sourceTree = "<group>";
		};
		4D34E9231B05FD1D00AE04F7 /* login */ = {
			isa = PBXGroup;
			children = (
				4D34E9241B05FD1D00AE04F7 /* LoginViewController.h */,
				4D34E9251B05FD1D00AE04F7 /* LoginViewController.m */,
				4D202C381B0900F7007DED73 /* RegFirstViewController.h */,
				4D202C391B0900F7007DED73 /* RegFirstViewController.m */,
				4D12351A1B0C6A67006C1E76 /* RegSecondVIewController.h */,
				4D12351B1B0C6A67006C1E76 /* RegSecondVIewController.m */,
				4D61CA581B100EA00092D232 /* RegSettingViewController.h */,
				4D61CA591B100EA00092D232 /* RegSettingViewController.m */,
			);
			path = login;
			sourceTree = "<group>";
		};
		4D34E9261B05FD1D00AE04F7 /* my */ = {
			isa = PBXGroup;
			children = (
				4D34E9271B05FD1D00AE04F7 /* UserDetailViewController.h */,
				4D34E9281B05FD1D00AE04F7 /* UserDetailViewController.m */,
				4D34E9291B05FD1D00AE04F7 /* UserInfoViewController.h */,
				4D34E92A1B05FD1D00AE04F7 /* UserInfoViewController.m */,
				843DB3171B0DC72C00312383 /* PetDetailViewController.h */,
				843DB3181B0DC72C00312383 /* PetDetailViewController.m */,
				843DB31D1B0DD16D00312383 /* MyPetsViewController.h */,
				843DB31E1B0DD16D00312383 /* MyPetsViewController.m */,
			);
			path = my;
			sourceTree = "<group>";
		};
		4D61CA5B1B1083FB0092D232 /* Find */ = {
			isa = PBXGroup;
			children = (
				4D61CA5C1B1084E70092D232 /* FindService.h */,
				4D61CA5D1B1084E70092D232 /* FindService.m */,
				4DFF07441B149D05006BAEED /* UploadService.h */,
				4DFF07451B149D05006BAEED /* UploadService.m */,
			);
			path = Find;
			sourceTree = "<group>";
		};
		4DED53C51B09A19100577B1C /* Toast */ = {
			isa = PBXGroup;
			children = (
				4DED53C61B09A19100577B1C /* ProgressHUD.bundle */,
				4DED53C71B09A19100577B1C /* ProgressHUD.h */,
				4DED53C81B09A19100577B1C /* ProgressHUD.m */,
				4DED53C91B09A19100577B1C /* Toast+UIView.h */,
				4DED53CA1B09A19100577B1C /* Toast+UIView.m */,
			);
			path = Toast;
			sourceTree = "<group>";
		};
		4DED53CE1B09A24600577B1C /* blocks */ = {
			isa = PBXGroup;
			children = (
				4DED53CF1B09A24600577B1C /* UIControl+BlocksKit.h */,
				4DED53D01B09A24600577B1C /* UIControl+BlocksKit.m */,
			);
			path = blocks;
			sourceTree = "<group>";
		};
		4DFF07471B14BA52006BAEED /* New Group */ = {
			isa = PBXGroup;
			children = (
			);
			name = "New Group";
			sourceTree = "<group>";
		};
		840D6EB41B16FD0D00C3097A /* My */ = {
			isa = PBXGroup;
			children = (
				840D6EB51B16FD2A00C3097A /* MyInfoService.h */,
				840D6EB61B16FD2A00C3097A /* MyInfoService.m */,
			);
			path = My;
			sourceTree = "<group>";
		};
		843EA8931B04520D004B9BC1 /* Views */ = {
			isa = PBXGroup;
			children = (
				BBDAC77E1B170EC00009A3DA /* cell */,
				84DB2EC61B11B32000A264C6 /* AddPetCellTableViewCell.h */,
				84DB2EC71B11B32000A264C6 /* AddPetCellTableViewCell.m */,
				8464DD001B135C1F00BCC733 /* LeftTableViewCell.h */,
				8464DD011B135C1F00BCC733 /* LeftTableViewCell.m */,
				8464DD031B1361E200BCC733 /* MyPetTableViewCell.h */,
				8464DD041B1361E200BCC733 /* MyPetTableViewCell.m */,
				4D202C3B1B09054B007DED73 /* UIView+Extension.h */,
				4D202C3C1B09054B007DED73 /* UIView+Extension.m */,
				843EA8941B04521E004B9BC1 /* HomeItemCollectionCell.h */,
				843EA8951B04521E004B9BC1 /* HomeItemCollectionCell.m */,
				843EA8961B04521E004B9BC1 /* HomeItemButton.h */,
				843EA8971B04521E004B9BC1 /* HomeItemButton.m */,
				4D202C351B08F9D9007DED73 /* LogView.h */,
				4D202C361B08F9D9007DED73 /* LogView.m */,
			);
			path = Views;
			sourceTree = "<group>";
		};
		8464DCFC1B135AE100BCC733 /* Category */ = {
			isa = PBXGroup;
			children = (
				8464DCFD1B135AED00BCC733 /* UIView+Add.h */,
				8464DCFE1B135AED00BCC733 /* UIView+Add.m */,
			);
			path = Category;
			sourceTree = "<group>";
		};
		84D4D1C01B018FA400E67D9C = {
			isa = PBXGroup;
			children = (
				4DED53D21B09B23C00577B1C /* Images.xcassets */,
				84D4D1CB1B018FA400E67D9C /* LePats */,
				84D4D1CA1B018FA400E67D9C /* Products */,
				F80509BFA34C652EEF599230 /* Pods */,
				CC7EBB73573971DED49E0533 /* Frameworks */,
			);
			sourceTree = "<group>";
			usesTabs = 0;
		};
		84D4D1CA1B018FA400E67D9C /* Products */ = {
			isa = PBXGroup;
			children = (
				84D4D1C91B018FA400E67D9C /* LePats.app */,
			);
			name = Products;
			sourceTree = "<group>";
		};
		84D4D1CB1B018FA400E67D9C /* LePats */ = {
			isa = PBXGroup;
			children = (
				8464DCFC1B135AE100BCC733 /* Category */,
				4D202BD91B088884007DED73 /* General */,
				4D34E9151B05FD1D00AE04F7 /* Controlls */,
				843EA8931B04520D004B9BC1 /* Views */,
				BB9A04A11B01F28F007DFDC8 /* Macro */,
				BB9A04A31B01F28F007DFDC8 /* Model */,
				BB9A04A41B01F28F007DFDC8 /* Others */,
				BB9A04AD1B01F28F007DFDC8 /* Services */,
			);
			path = LePats;
			sourceTree = "<group>";
		};
		84DB2EC91B11BABB00A264C6 /* baidumap */ = {
			isa = PBXGroup;
			children = (
				84DB2F0A1B11BAF200A264C6 /* libbaidumapapi.a */,
				84DB2ECA1B11BABB00A264C6 /* inc */,
				84DB2F081B11BABB00A264C6 /* mapapi.bundle */,
			);
			path = baidumap;
			sourceTree = "<group>";
		};
		84DB2ECA1B11BABB00A264C6 /* inc */ = {
			isa = PBXGroup;
			children = (
				84DB2ECB1B11BABB00A264C6 /* BMapKit.h */,
				84DB2ECC1B11BABB00A264C6 /* BMKActionPaopaoView.h */,
				84DB2ECD1B11BABB00A264C6 /* BMKAnnotation.h */,
				84DB2ECE1B11BABB00A264C6 /* BMKAnnotationView.h */,
				84DB2ECF1B11BABB00A264C6 /* BMKArcline.h */,
				84DB2ED01B11BABB00A264C6 /* BMKArclineView.h */,
				84DB2ED11B11BABB00A264C6 /* BMKBaseComponent.h */,
				84DB2ED21B11BABB00A264C6 /* BMKBusLineSearch.h */,
				84DB2ED31B11BABB00A264C6 /* BMKBusLineSearchOption.h */,
				84DB2ED41B11BABB00A264C6 /* BMKCircle.h */,
				84DB2ED51B11BABB00A264C6 /* BMKCircleView.h */,
				84DB2ED61B11BABB00A264C6 /* BMKCloudPOIList.h */,
				84DB2ED71B11BABB00A264C6 /* BMKCloudSearch.h */,
				84DB2ED81B11BABB00A264C6 /* BMKCloudSearchComponent.h */,
				84DB2ED91B11BABB00A264C6 /* BMKCloudSearchInfo.h */,
				84DB2EDA1B11BABB00A264C6 /* BMKGeneralDelegate.h */,
				84DB2EDB1B11BABB00A264C6 /* BMKGeocodeSearch.h */,
				84DB2EDC1B11BABB00A264C6 /* BMKGeocodeSearchOption.h */,
				84DB2EDD1B11BABB00A264C6 /* BMKGeocodeType.h */,
				84DB2EDE1B11BABB00A264C6 /* BMKGeometry.h */,
				84DB2EDF1B11BABB00A264C6 /* BMKGradient.h */,
				84DB2EE01B11BABB00A264C6 /* BMKGroundOverlay.h */,
				84DB2EE11B11BABB00A264C6 /* BMKGroundOverlayView.h */,
				84DB2EE21B11BABB00A264C6 /* BMKHeatMap.h */,
				84DB2EE31B11BABB00A264C6 /* BMKLocationComponent.h */,
				84DB2EE41B11BABB00A264C6 /* BMKLocationService.h */,
				84DB2EE51B11BABB00A264C6 /* BMKLocationViewDisplayParam.h */,
				84DB2EE61B11BABB00A264C6 /* BMKMapComponent.h */,
				84DB2EE71B11BABB00A264C6 /* BMKMapManager.h */,
				84DB2EE81B11BABB00A264C6 /* BMKMapStatus.h */,
				84DB2EE91B11BABB00A264C6 /* BMKMapView.h */,
				84DB2EEA1B11BABB00A264C6 /* BMKMultiPoint.h */,
				84DB2EEB1B11BABB00A264C6 /* BMKNavigation.h */,
				84DB2EEC1B11BABB00A264C6 /* BMKOfflineMap.h */,
				84DB2EED1B11BABB00A264C6 /* BMKOfflineMapType.h */,
				84DB2EEE1B11BABB00A264C6 /* BMKOverlay.h */,
				84DB2EEF1B11BABB00A264C6 /* BMKOverlayGLBasicView.h */,
				84DB2EF01B11BABB00A264C6 /* BMKOverlayPathView.h */,
				84DB2EF11B11BABB00A264C6 /* BMKOverlayView.h */,
				84DB2EF21B11BABB00A264C6 /* BMKPinAnnotationView.h */,
				84DB2EF31B11BABB00A264C6 /* BMKPointAnnotation.h */,
				84DB2EF41B11BABB00A264C6 /* BMKPoiSearch.h */,
				84DB2EF51B11BABB00A264C6 /* BMKPoiSearchOption.h */,
				84DB2EF61B11BABB00A264C6 /* BMKPoiSearchType.h */,
				84DB2EF71B11BABB00A264C6 /* BMKPolygon.h */,
				84DB2EF81B11BABB00A264C6 /* BMKPolygonView.h */,
				84DB2EF91B11BABB00A264C6 /* BMKPolyline.h */,
				84DB2EFA1B11BABB00A264C6 /* BMKPolylineView.h */,
				84DB2EFB1B11BABB00A264C6 /* BMKRouteSearch.h */,
				84DB2EFC1B11BABB00A264C6 /* BMKRouteSearchOption.h */,
				84DB2EFD1B11BABB00A264C6 /* BMKRouteSearchType.h */,
				84DB2EFE1B11BABB00A264C6 /* BMKSearchComponent.h */,
				84DB2EFF1B11BABB00A264C6 /* BMKShape.h */,
				84DB2F001B11BABB00A264C6 /* BMKShareURLSearch.h */,
				84DB2F011B11BABB00A264C6 /* BMKShareUrlSearchOption.h */,
				84DB2F021B11BABB00A264C6 /* BMKSuggestionSearch.h */,
				84DB2F031B11BABB00A264C6 /* BMKSuggestionSearchOption.h */,
				84DB2F041B11BABB00A264C6 /* BMKTypes.h */,
				84DB2F051B11BABB00A264C6 /* BMKUserLocation.h */,
				84DB2F061B11BABB00A264C6 /* BMKUtilsComponent.h */,
				84DB2F071B11BABB00A264C6 /* BMKVersion.h */,
			);
			path = inc;
			sourceTree = "<group>";
		};
		BB088E311B032AFB00F5E092 /* singleton */ = {
			isa = PBXGroup;
			children = (
				BB088E321B032B1D00F5E092 /* UserInfo.h */,
				BB088E331B032B1D00F5E092 /* UserInfo.m */,
			);
			path = singleton;
			sourceTree = "<group>";
		};
		BB088E381B03453900F5E092 /* Pub */ = {
			isa = PBXGroup;
			children = (
				BB088E391B03453900F5E092 /* HttpManager.h */,
				BB088E3A1B03453900F5E092 /* HttpManager.m */,
				BB088E3B1B03453900F5E092 /* LoginService.h */,
				BB088E3C1B03453900F5E092 /* LoginService.m */,
				BB088E3D1B03453900F5E092 /* RegisterService.h */,
				BB088E3E1B03453900F5E092 /* RegisterService.m */,
				BB088E3F1B03453900F5E092 /* UpdUserService.h */,
				BB088E401B03453900F5E092 /* UpdUserService.m */,
			);
			path = Pub;
			sourceTree = "<group>";
		};
		BB088E451B03454900F5E092 /* Pats */ = {
			isa = PBXGroup;
			children = (
				BB088E461B03456100F5E092 /* MyPetService.h */,
				BB088E471B03456100F5E092 /* MyPetService.m */,
				BB088E491B034A4200F5E092 /* PetInfoService.h */,
				BB088E4A1B034A4200F5E092 /* PetInfoService.m */,
				BB088E4C1B034C8500F5E092 /* DelPetService.h */,
				BB088E4D1B034C8500F5E092 /* DelPetService.m */,
				BB088E4F1B034CDC00F5E092 /* AddPetService.h */,
				BB088E501B034CDC00F5E092 /* AddPetService.m */,
				84E9D26E1B1368C90078FD76 /* PetInfoEditService.h */,
				84E9D26F1B1368C90078FD76 /* PetInfoEditService.m */,
				BB088E561B03565000F5E092 /* PetSortService.h */,
				BB088E571B03565000F5E092 /* PetSortService.m */,
			);
			path = Pats;
			sourceTree = "<group>";
		};
		BB588F901B047EE00095337C /* upload */ = {
			isa = PBXGroup;
			children = (
				BB588F911B047F690095337C /* HttpUploadManager.h */,
				BB588F921B047F690095337C /* HttpUploadManager.m */,
			);
			path = upload;
			sourceTree = "<group>";
		};
		BB9A04A11B01F28F007DFDC8 /* Macro */ = {
			isa = PBXGroup;
			children = (
				843EA89A1B04522C004B9BC1 /* Common.h */,
				BB9A04A21B01F28F007DFDC8 /* UtilsMacro.h */,
				BB088E291B02D7F800F5E092 /* PubDefine.h */,
				4D052AA21B0747F2002AAF1D /* PubNotification.h */,
			);
			path = Macro;
			sourceTree = "<group>";
		};
		BB9A04A31B01F28F007DFDC8 /* Model */ = {
			isa = PBXGroup;
			children = (
				BB088E531B034D0700F5E092 /* LePetInfo.h */,
				BB088E541B034D0700F5E092 /* LePetInfo.m */,
				843EA87E1B044EDE004B9BC1 /* HomeItemModel.h */,
				843EA87F1B044EDE004B9BC1 /* HomeItemModel.m */,
				843DB31A1B0DCD8C00312383 /* PetSortModel.h */,
				843DB31B1B0DCD8C00312383 /* PetSortModel.m */,
				BBDAC7821B171E880009A3DA /* NearInfo.h */,
				BBDAC7831B171E880009A3DA /* NearInfo.m */,
			);
			path = Model;
			sourceTree = "<group>";
		};
		BB9A04A41B01F28F007DFDC8 /* Others */ = {
			isa = PBXGroup;
			children = (
				BB9A04A51B01F28F007DFDC8 /* AppDelegate.h */,
				BB9A04A61B01F28F007DFDC8 /* AppDelegate.mm */,
				843EA89E1B0452AF004B9BC1 /* Main.storyboard */,
				BB9A04A71B01F28F007DFDC8 /* LaunchScreen.xib */,
				BB9A04AB1B01F28F007DFDC8 /* Info.plist */,
				BB9A04AC1B01F28F007DFDC8 /* main.m */,
				BB088E281B02D72D00F5E092 /* LePats-Prefix.pch */,
			);
			path = Others;
			sourceTree = "<group>";
		};
		BB9A04AD1B01F28F007DFDC8 /* Services */ = {
			isa = PBXGroup;
			children = (
				BB088E311B032AFB00F5E092 /* singleton */,
				BB9A04BC1B02031C007DFDC8 /* http */,
			);
			path = Services;
			sourceTree = "<group>";
		};
		BB9A04BC1B02031C007DFDC8 /* http */ = {
			isa = PBXGroup;
			children = (
				840D6EB41B16FD0D00C3097A /* My */,
				4D61CA5B1B1083FB0092D232 /* Find */,
				BB588F901B047EE00095337C /* upload */,
				BB088E451B03454900F5E092 /* Pats */,
				BB088E381B03453900F5E092 /* Pub */,
			);
			path = http;
			sourceTree = "<group>";
		};
		BBDAC77E1B170EC00009A3DA /* cell */ = {
			isa = PBXGroup;
			children = (
				BBDAC77F1B170EE40009A3DA /* FriendCell.h */,
				BBDAC7801B170EE40009A3DA /* FriendCell.m */,
			);
			name = cell;
			sourceTree = "<group>";
		};
		CC7EBB73573971DED49E0533 /* Frameworks */ = {
			isa = PBXGroup;
			children = (
				4D202BE61B088977007DED73 /* Security.framework */,
				4D202BE41B088970007DED73 /* CoreGraphics.framework */,
				4D202BE21B088967007DED73 /* SystemConfiguration.framework */,
				4D202BE01B08895E007DED73 /* OpenGLES.framework */,
				4D202BDE1B088956007DED73 /* QuartzCore.framework */,
				4D202BDC1B08894D007DED73 /* CoreLocation.framework */,
				3BF811F65411D3FCD44EA091 /* libPods.a */,
			);
			name = Frameworks;
			sourceTree = "<group>";
		};
		F80509BFA34C652EEF599230 /* Pods */ = {
			isa = PBXGroup;
			children = (
				635FBA24F678FB40B37ED093 /* Pods.debug.xcconfig */,
				279CFB6916D8141457E3072A /* Pods.release.xcconfig */,
			);
			name = Pods;
			sourceTree = "<group>";
		};
/* End PBXGroup section */

/* Begin PBXNativeTarget section */
		84D4D1C81B018FA400E67D9C /* LePats */ = {
			isa = PBXNativeTarget;
			buildConfigurationList = 84D4D1EC1B018FA400E67D9C /* Build configuration list for PBXNativeTarget "LePats" */;
			buildPhases = (
				A0EB6235A53FAFD4FFC09C14 /* Check Pods Manifest.lock */,
				84D4D1C51B018FA400E67D9C /* Sources */,
				84D4D1C61B018FA400E67D9C /* Frameworks */,
				84D4D1C71B018FA400E67D9C /* Resources */,
				D20CF1FC8658F1481CC74C76 /* Copy Pods Resources */,
			);
			buildRules = (
			);
			dependencies = (
			);
			name = LePats;
			productName = LePats;
			productReference = 84D4D1C91B018FA400E67D9C /* LePats.app */;
			productType = "com.apple.product-type.application";
		};
/* End PBXNativeTarget section */

/* Begin PBXProject section */
		84D4D1C11B018FA400E67D9C /* Project object */ = {
			isa = PBXProject;
			attributes = {
				LastUpgradeCheck = 0630;
				ORGANIZATIONNAME = admin;
				TargetAttributes = {
					84D4D1C81B018FA400E67D9C = {
						CreatedOnToolsVersion = 6.3;
					};
				};
			};
			buildConfigurationList = 84D4D1C41B018FA400E67D9C /* Build configuration list for PBXProject "LePats" */;
			compatibilityVersion = "Xcode 3.2";
			developmentRegion = English;
			hasScannedForEncodings = 0;
			knownRegions = (
				en,
				Base,
			);
			mainGroup = 84D4D1C01B018FA400E67D9C;
			productRefGroup = 84D4D1CA1B018FA400E67D9C /* Products */;
			projectDirPath = "";
			projectRoot = "";
			targets = (
				84D4D1C81B018FA400E67D9C /* LePats */,
			);
		};
/* End PBXProject section */

/* Begin PBXResourcesBuildPhase section */
		84D4D1C71B018FA400E67D9C /* Resources */ = {
			isa = PBXResourcesBuildPhase;
			buildActionMask = 2147483647;
			files = (
				BB9A04BA1B01F28F007DFDC8 /* Info.plist in Resources */,
				4DED53CB1B09A19100577B1C /* ProgressHUD.bundle in Resources */,
				4DED53D31B09B23C00577B1C /* Images.xcassets in Resources */,
				84DB2F091B11BABB00A264C6 /* mapapi.bundle in Resources */,
				BB9A04B81B01F28F007DFDC8 /* LaunchScreen.xib in Resources */,
				843EA89F1B0452AF004B9BC1 /* Main.storyboard in Resources */,
			);
			runOnlyForDeploymentPostprocessing = 0;
		};
/* End PBXResourcesBuildPhase section */

/* Begin PBXShellScriptBuildPhase section */
		A0EB6235A53FAFD4FFC09C14 /* Check Pods Manifest.lock */ = {
			isa = PBXShellScriptBuildPhase;
			buildActionMask = 2147483647;
			files = (
			);
			inputPaths = (
			);
			name = "Check Pods Manifest.lock";
			outputPaths = (
			);
			runOnlyForDeploymentPostprocessing = 0;
			shellPath = /bin/sh;
			shellScript = "diff \"${PODS_ROOT}/../Podfile.lock\" \"${PODS_ROOT}/Manifest.lock\" > /dev/null\nif [[ $? != 0 ]] ; then\n    cat << EOM\nerror: The sandbox is not in sync with the Podfile.lock. Run 'pod install' or update your CocoaPods installation.\nEOM\n    exit 1\nfi\n";
			showEnvVarsInLog = 0;
		};
		D20CF1FC8658F1481CC74C76 /* Copy Pods Resources */ = {
			isa = PBXShellScriptBuildPhase;
			buildActionMask = 2147483647;
			files = (
			);
			inputPaths = (
			);
			name = "Copy Pods Resources";
			outputPaths = (
			);
			runOnlyForDeploymentPostprocessing = 0;
			shellPath = /bin/sh;
			shellScript = "\"${SRCROOT}/Pods/Target Support Files/Pods/Pods-resources.sh\"\n";
			showEnvVarsInLog = 0;
		};
/* End PBXShellScriptBuildPhase section */

/* Begin PBXSourcesBuildPhase section */
		84D4D1C51B018FA400E67D9C /* Sources */ = {
			isa = PBXSourcesBuildPhase;
			buildActionMask = 2147483647;
			files = (
				4D202C3D1B09054B007DED73 /* UIView+Extension.m in Sources */,
				BB088E341B032B1D00F5E092 /* UserInfo.m in Sources */,
				4D61CA5E1B1084E70092D232 /* FindService.m in Sources */,
				4D61CA5A1B100EA00092D232 /* RegSettingViewController.m in Sources */,
				BB088E581B03565000F5E092 /* PetSortService.m in Sources */,
				4D34E9331B05FD1D00AE04F7 /* UserInfoViewController.m in Sources */,
				BB088E4B1B034A4200F5E092 /* PetInfoService.m in Sources */,
				4D202BF11B08B610007DED73 /* MapFriendViewController.mm in Sources */,
				BB088E551B034D0700F5E092 /* LePetInfo.m in Sources */,
				4D34E92F1B05FD1D00AE04F7 /* RightViewController.m in Sources */,
				BB088E511B034CDC00F5E092 /* AddPetService.m in Sources */,
				843DB31F1B0DD16D00312383 /* MyPetsViewController.m in Sources */,
				4DED53D11B09A24600577B1C /* UIControl+BlocksKit.m in Sources */,
				4D34E9311B05FD1D00AE04F7 /* LoginViewController.m in Sources */,
				4DFF07461B149D05006BAEED /* UploadService.m in Sources */,
				4D202C371B08F9D9007DED73 /* LogView.m in Sources */,
				4D027D7E1B1758A20019ABB9 /* UploadLocationViewController.m in Sources */,
				843EA8801B044EDE004B9BC1 /* HomeItemModel.m in Sources */,
				840D6EB71B16FD2A00C3097A /* MyInfoService.m in Sources */,
				8464DCFF1B135AED00BCC733 /* UIView+Add.m in Sources */,
				8464DD051B1361E300BCC733 /* MyPetTableViewCell.m in Sources */,
				BB088E481B03456100F5E092 /* MyPetService.m in Sources */,
				4D34E92B1B05FD1D00AE04F7 /* BaseViewController.m in Sources */,
				4DED53CC1B09A19100577B1C /* ProgressHUD.m in Sources */,
				8464DD021B135C1F00BCC733 /* LeftTableViewCell.m in Sources */,
				84DB2EC81B11B32000A264C6 /* AddPetCellTableViewCell.m in Sources */,
				BB088E441B03453900F5E092 /* UpdUserService.m in Sources */,
				BB088E431B03453900F5E092 /* RegisterService.m in Sources */,
				4D34E92E1B05FD1D00AE04F7 /* MainViewController.m in Sources */,
				4D202C3A1B0900F7007DED73 /* RegFirstViewController.m in Sources */,
				BB588F931B047F690095337C /* HttpUploadManager.m in Sources */,
				843DB31C1B0DCD8C00312383 /* PetSortModel.m in Sources */,
				BB088E4E1B034C8500F5E092 /* DelPetService.m in Sources */,
				BB9A04B71B01F28F007DFDC8 /* AppDelegate.mm in Sources */,
				BBDAC77D1B1706230009A3DA /* FriendListViewController.m in Sources */,
				843EA8981B04521E004B9BC1 /* HomeItemCollectionCell.m in Sources */,
				BBDAC7811B170EE40009A3DA /* FriendCell.m in Sources */,
				BB088E411B03453900F5E092 /* HttpManager.m in Sources */,
				4D027D7D1B1758A20019ABB9 /* FindViewController.m in Sources */,
				843DB3191B0DC72C00312383 /* PetDetailViewController.m in Sources */,
				4D12351C1B0C6A67006C1E76 /* RegSecondVIewController.m in Sources */,
				4DED53CD1B09A19100577B1C /* Toast+UIView.m in Sources */,
				BBDAC7841B171E880009A3DA /* NearInfo.m in Sources */,
				BB088E421B03453900F5E092 /* LoginService.m in Sources */,
				84E9D2701B1368C90078FD76 /* PetInfoEditService.m in Sources */,
				4D34E9321B05FD1D00AE04F7 /* UserDetailViewController.m in Sources */,
				843EA8991B04521E004B9BC1 /* HomeItemButton.m in Sources */,
				4D34E92C1B05FD1D00AE04F7 /* HomeViewController.m in Sources */,
				4D34E92D1B05FD1D00AE04F7 /* LeftViewController.m in Sources */,
				4D34E9301B05FD1D00AE04F7 /* WWSideslipViewController.m in Sources */,
				BB9A04BB1B01F28F007DFDC8 /* main.m in Sources */,
			);
			runOnlyForDeploymentPostprocessing = 0;
		};
/* End PBXSourcesBuildPhase section */

/* Begin PBXVariantGroup section */
		BB9A04A71B01F28F007DFDC8 /* LaunchScreen.xib */ = {
			isa = PBXVariantGroup;
			children = (
				BB9A04A81B01F28F007DFDC8 /* Base */,
			);
			name = LaunchScreen.xib;
			sourceTree = "<group>";
		};
/* End PBXVariantGroup section */

/* Begin XCBuildConfiguration section */
		84D4D1EA1B018FA400E67D9C /* Debug */ = {
			isa = XCBuildConfiguration;
			buildSettings = {
				ALWAYS_SEARCH_USER_PATHS = NO;
				CLANG_CXX_LANGUAGE_STANDARD = "gnu++0x";
				CLANG_CXX_LIBRARY = "libc++";
				CLANG_ENABLE_MODULES = YES;
				CLANG_ENABLE_OBJC_ARC = YES;
				CLANG_WARN_BOOL_CONVERSION = YES;
				CLANG_WARN_CONSTANT_CONVERSION = YES;
				CLANG_WARN_DIRECT_OBJC_ISA_USAGE = YES_ERROR;
				CLANG_WARN_EMPTY_BODY = YES;
				CLANG_WARN_ENUM_CONVERSION = YES;
				CLANG_WARN_INT_CONVERSION = YES;
				CLANG_WARN_OBJC_ROOT_CLASS = YES_ERROR;
				CLANG_WARN_UNREACHABLE_CODE = YES;
				CLANG_WARN__DUPLICATE_METHOD_MATCH = YES;
				"CODE_SIGN_IDENTITY[sdk=iphoneos*]" = "iPhone Developer";
				COPY_PHASE_STRIP = NO;
				DEBUG_INFORMATION_FORMAT = "dwarf-with-dsym";
				ENABLE_STRICT_OBJC_MSGSEND = YES;
				GCC_C_LANGUAGE_STANDARD = gnu99;
				GCC_DYNAMIC_NO_PIC = NO;
				GCC_NO_COMMON_BLOCKS = YES;
				GCC_OPTIMIZATION_LEVEL = 0;
				GCC_PREPROCESSOR_DEFINITIONS = (
					"DEBUG=1",
					"$(inherited)",
				);
				GCC_SYMBOLS_PRIVATE_EXTERN = NO;
				GCC_WARN_64_TO_32_BIT_CONVERSION = YES;
				GCC_WARN_ABOUT_RETURN_TYPE = YES_ERROR;
				GCC_WARN_UNDECLARED_SELECTOR = YES;
				GCC_WARN_UNINITIALIZED_AUTOS = YES_AGGRESSIVE;
				GCC_WARN_UNUSED_FUNCTION = YES;
				GCC_WARN_UNUSED_VARIABLE = YES;
				IPHONEOS_DEPLOYMENT_TARGET = 8.3;
				MTL_ENABLE_DEBUG_INFO = YES;
				ONLY_ACTIVE_ARCH = YES;
				SDKROOT = iphoneos;
				TARGETED_DEVICE_FAMILY = "1,2";
			};
			name = Debug;
		};
		84D4D1EB1B018FA400E67D9C /* Release */ = {
			isa = XCBuildConfiguration;
			buildSettings = {
				ALWAYS_SEARCH_USER_PATHS = NO;
				CLANG_CXX_LANGUAGE_STANDARD = "gnu++0x";
				CLANG_CXX_LIBRARY = "libc++";
				CLANG_ENABLE_MODULES = YES;
				CLANG_ENABLE_OBJC_ARC = YES;
				CLANG_WARN_BOOL_CONVERSION = YES;
				CLANG_WARN_CONSTANT_CONVERSION = YES;
				CLANG_WARN_DIRECT_OBJC_ISA_USAGE = YES_ERROR;
				CLANG_WARN_EMPTY_BODY = YES;
				CLANG_WARN_ENUM_CONVERSION = YES;
				CLANG_WARN_INT_CONVERSION = YES;
				CLANG_WARN_OBJC_ROOT_CLASS = YES_ERROR;
				CLANG_WARN_UNREACHABLE_CODE = YES;
				CLANG_WARN__DUPLICATE_METHOD_MATCH = YES;
				"CODE_SIGN_IDENTITY[sdk=iphoneos*]" = "iPhone Developer";
				COPY_PHASE_STRIP = NO;
				DEBUG_INFORMATION_FORMAT = "dwarf-with-dsym";
				ENABLE_NS_ASSERTIONS = NO;
				ENABLE_STRICT_OBJC_MSGSEND = YES;
				GCC_C_LANGUAGE_STANDARD = gnu99;
				GCC_NO_COMMON_BLOCKS = YES;
				GCC_WARN_64_TO_32_BIT_CONVERSION = YES;
				GCC_WARN_ABOUT_RETURN_TYPE = YES_ERROR;
				GCC_WARN_UNDECLARED_SELECTOR = YES;
				GCC_WARN_UNINITIALIZED_AUTOS = YES_AGGRESSIVE;
				GCC_WARN_UNUSED_FUNCTION = YES;
				GCC_WARN_UNUSED_VARIABLE = YES;
				IPHONEOS_DEPLOYMENT_TARGET = 8.3;
				MTL_ENABLE_DEBUG_INFO = NO;
				SDKROOT = iphoneos;
				TARGETED_DEVICE_FAMILY = "1,2";
				VALIDATE_PRODUCT = YES;
			};
			name = Release;
		};
		84D4D1ED1B018FA400E67D9C /* Debug */ = {
			isa = XCBuildConfiguration;
			baseConfigurationReference = 635FBA24F678FB40B37ED093 /* Pods.debug.xcconfig */;
			buildSettings = {
				ASSETCATALOG_COMPILER_APPICON_NAME = AppIcon;
				CODE_SIGN_IDENTITY = "iPhone Developer";
				FRAMEWORK_SEARCH_PATHS = (
					"$(inherited)",
					"$(PROJECT_DIR)/LePats/General",
				);
				GCC_INCREASE_PRECOMPILED_HEADER_SHARING = NO;
				GCC_PRECOMPILE_PREFIX_HEADER = YES;
				GCC_PREFIX_HEADER = "${SRCROOT}/LePats/Others/LePats-Prefix.pch";
				INFOPLIST_FILE = "${SRCROOT}/LePats/Others/Info.plist";
				IPHONEOS_DEPLOYMENT_TARGET = 7.1;
				LD_RUNPATH_SEARCH_PATHS = "$(inherited) @executable_path/Frameworks";
				LIBRARY_SEARCH_PATHS = (
					"$(inherited)",
					"$(PROJECT_DIR)/LePats/General/baidumap",
				);
				PRODUCT_NAME = "$(TARGET_NAME)";
				TARGETED_DEVICE_FAMILY = 1;
				VALID_ARCHS = "arm64 armv7s";
			};
			name = Debug;
		};
		84D4D1EE1B018FA400E67D9C /* Release */ = {
			isa = XCBuildConfiguration;
			baseConfigurationReference = 279CFB6916D8141457E3072A /* Pods.release.xcconfig */;
			buildSettings = {
				ASSETCATALOG_COMPILER_APPICON_NAME = AppIcon;
				CODE_SIGN_IDENTITY = "iPhone Developer";
				FRAMEWORK_SEARCH_PATHS = (
					"$(inherited)",
					"$(PROJECT_DIR)/LePats/General",
				);
				GCC_INCREASE_PRECOMPILED_HEADER_SHARING = NO;
				GCC_PRECOMPILE_PREFIX_HEADER = YES;
				GCC_PREFIX_HEADER = "${SRCROOT}/LePats/Others/LePats-Prefix.pch";
				INFOPLIST_FILE = "${SRCROOT}/LePats/Others/Info.plist";
				IPHONEOS_DEPLOYMENT_TARGET = 7.1;
				LD_RUNPATH_SEARCH_PATHS = "$(inherited) @executable_path/Frameworks";
				LIBRARY_SEARCH_PATHS = (
					"$(inherited)",
					"$(PROJECT_DIR)/LePats/General/baidumap",
				);
				PRODUCT_NAME = "$(TARGET_NAME)";
				TARGETED_DEVICE_FAMILY = 1;
				VALID_ARCHS = "arm64 armv7s";
			};
			name = Release;
		};
/* End XCBuildConfiguration section */

/* Begin XCConfigurationList section */
		84D4D1C41B018FA400E67D9C /* Build configuration list for PBXProject "LePats" */ = {
			isa = XCConfigurationList;
			buildConfigurations = (
				84D4D1EA1B018FA400E67D9C /* Debug */,
				84D4D1EB1B018FA400E67D9C /* Release */,
			);
			defaultConfigurationIsVisible = 0;
			defaultConfigurationName = Release;
		};
		84D4D1EC1B018FA400E67D9C /* Build configuration list for PBXNativeTarget "LePats" */ = {
			isa = XCConfigurationList;
			buildConfigurations = (
				84D4D1ED1B018FA400E67D9C /* Debug */,
				84D4D1EE1B018FA400E67D9C /* Release */,
			);
			defaultConfigurationIsVisible = 0;
			defaultConfigurationName = Release;
		};
/* End XCConfigurationList section */
	};
	rootObject = 84D4D1C11B018FA400E67D9C /* Project object */;
}
